
Microsoft Visual Studio Solution File, Format Version 12.00
# Visual Studio Version 17
VisualStudioVersion = 17.4.33213.308
MinimumVisualStudioVersion = 10.0.40219.1
Project("{FAE04EC0-301F-11D3-BF4B-00C04F79EFBC}") = "WinFormsApp_project_51", "WinFormsApp_project_51\WinFormsApp_project_51.csproj", "{49353A16-6F65-4452-A8D6-32EBE7DF6AC4}"
EndProject
Global
	GlobalSection(SolutionConfigurationPlatforms) = preSolution
		Debug|Any CPU = Debug|Any CPU
		Release|Any CPU = Release|Any CPU
	EndGlobalSection
	GlobalSection(ProjectConfigurationPlatforms) = postSolution
		{49353A16-6F65-4452-A8D6-32EBE7DF6AC4}.Debug|Any CPU.ActiveCfg = Debug|Any CPU
		{49353A16-6F65-4452-A8D6-32EBE7DF6AC4}.Debug|Any CPU.Build.0 = Debug|Any CPU
		{49353A16-6F65-4452-A8D6-32EBE7DF6AC4}.Release|Any CPU.ActiveCfg = Release|Any CPU
		{49353A16-6F65-4452-A8D6-32EBE7DF6AC4}.Release|Any CPU.Build.0 = Release|Any CPU
	EndGlobalSection
	GlobalSection(SolutionProperties) = preSolution
		HideSolutionNode = FALSE
	EndGlobalSection
	GlobalSection(ExtensibilityGlobals) = postSolution
		SolutionGuid = {74A5BD36-8C2B-4626-8FF6-CD58AEE827AA}
	EndGlobalSection
EndGlobal
